
Microsoft Visual Studio Solution File, Format Version 12.00
# Visual Studio Version 16
VisualStudioVersion = 16.0.31112.23
MinimumVisualStudioVersion = 10.0.40219.1
Project("{FAE04EC0-301F-11D3-BF4B-00C04F79EFBC}") = "CSHP320_Assignment4", "CSHP320_Assignment4\CSHP320_Assignment4.csproj", "{CE1F1EBC-0E38-47A2-89C9-90833B6D6697}"
EndProject
Project("{9A19103F-16F7-4668-BE54-9A1E7A4F7556}") = "CSHP320_Assignment5", "CSHP320_Assignment5\CSHP320_Assignment5.csproj", "{626227A0-1B8C-4752-B5A6-4A0EEB8276A4}"
EndProject
Project("{9A19103F-16F7-4668-BE54-9A1E7A4F7556}") = "CSHP320_Assignment6", "CSHP320_Assignment6\CSHP320_Assignment6.csproj", "{D3E60CDE-4A27-4C44-BCF9-25654D6A46D5}"
EndProject
Project("{9A19103F-16F7-4668-BE54-9A1E7A4F7556}") = "CSHP320_Assignment1", "CSHP320_Assignment1\CSHP320_Assignment1.csproj", "{FC8D2628-6EF6-4413-99EB-1C36642B8D89}"
EndProject
Project("{9A19103F-16F7-4668-BE54-9A1E7A4F7556}") = "CSHP320_Assignment2", "CSHP320_Assignment2\CSHP320_Assignment2.csproj", "{76070409-F85D-45EC-B629-D9FE9E6A75D6}"
EndProject
Project("{9A19103F-16F7-4668-BE54-9A1E7A4F7556}") = "CSHP320_Assignment3", "CSHP320_Assignment3\CSHP320_Assignment3.csproj", "{BED47535-BCFD-4518-B067-528BC8DF89A6}"
EndProject
Project("{9A19103F-16F7-4668-BE54-9A1E7A4F7556}") = "CSHP320_InventoryManagementProject", "CSHP320_InventoryManagementProject\CSHP320_InventoryManagementProject.csproj", "{7860A4BA-59CA-4250-97BB-9D6326CF1C58}"
EndProject
Project("{FAE04EC0-301F-11D3-BF4B-00C04F79EFBC}") = "CSHP320_InventoryProjectDB", "CSHP320_InventoryProjectDB\CSHP320_InventoryProjectDB.csproj", "{246F1D71-DEF0-4D84-8812-09DC1BD6FA84}"
EndProject
Project("{FAE04EC0-301F-11D3-BF4B-00C04F79EFBC}") = "CSHP320_InventoryRepository", "CSHP320_InventoryRepository\CSHP320_InventoryRepository.csproj", "{2CB7140F-F6B5-41FC-8E7E-758567BA0B92}"
EndProject
Global
	GlobalSection(SolutionConfigurationPlatforms) = preSolution
		Debug|Any CPU = Debug|Any CPU
		Release|Any CPU = Release|Any CPU
	EndGlobalSection
	GlobalSection(ProjectConfigurationPlatforms) = postSolution
		{CE1F1EBC-0E38-47A2-89C9-90833B6D6697}.Debug|Any CPU.ActiveCfg = Debug|Any CPU
		{CE1F1EBC-0E38-47A2-89C9-90833B6D6697}.Debug|Any CPU.Build.0 = Debug|Any CPU
		{CE1F1EBC-0E38-47A2-89C9-90833B6D6697}.Release|Any CPU.ActiveCfg = Release|Any CPU
		{CE1F1EBC-0E38-47A2-89C9-90833B6D6697}.Release|Any CPU.Build.0 = Release|Any CPU
		{626227A0-1B8C-4752-B5A6-4A0EEB8276A4}.Debug|Any CPU.ActiveCfg = Debug|Any CPU
		{626227A0-1B8C-4752-B5A6-4A0EEB8276A4}.Debug|Any CPU.Build.0 = Debug|Any CPU
		{626227A0-1B8C-4752-B5A6-4A0EEB8276A4}.Release|Any CPU.ActiveCfg = Release|Any CPU
		{626227A0-1B8C-4752-B5A6-4A0EEB8276A4}.Release|Any CPU.Build.0 = Release|Any CPU
		{D3E60CDE-4A27-4C44-BCF9-25654D6A46D5}.Debug|Any CPU.ActiveCfg = Debug|Any CPU
		{D3E60CDE-4A27-4C44-BCF9-25654D6A46D5}.Debug|Any CPU.Build.0 = Debug|Any CPU
		{D3E60CDE-4A27-4C44-BCF9-25654D6A46D5}.Release|Any CPU.ActiveCfg = Release|Any CPU
		{D3E60CDE-4A27-4C44-BCF9-25654D6A46D5}.Release|Any CPU.Build.0 = Release|Any CPU
		{FC8D2628-6EF6-4413-99EB-1C36642B8D89}.Debug|Any CPU.ActiveCfg = Debug|Any CPU
		{FC8D2628-6EF6-4413-99EB-1C36642B8D89}.Debug|Any CPU.Build.0 = Debug|Any CPU
		{FC8D2628-6EF6-4413-99EB-1C36642B8D89}.Release|Any CPU.ActiveCfg = Release|Any CPU
		{FC8D2628-6EF6-4413-99EB-1C36642B8D89}.Release|Any CPU.Build.0 = Release|Any CPU
		{76070409-F85D-45EC-B629-D9FE9E6A75D6}.Debug|Any CPU.ActiveCfg = Debug|Any CPU
		{76070409-F85D-45EC-B629-D9FE9E6A75D6}.Debug|Any CPU.Build.0 = Debug|Any CPU
		{76070409-F85D-45EC-B629-D9FE9E6A75D6}.Release|Any CPU.ActiveCfg = Release|Any CPU
		{76070409-F85D-45EC-B629-D9FE9E6A75D6}.Release|Any CPU.Build.0 = Release|Any CPU
		{BED47535-BCFD-4518-B067-528BC8DF89A6}.Debug|Any CPU.ActiveCfg = Debug|Any CPU
		{BED47535-BCFD-4518-B067-528BC8DF89A6}.Debug|Any CPU.Build.0 = Debug|Any CPU
		{BED47535-BCFD-4518-B067-528BC8DF89A6}.Release|Any CPU.ActiveCfg = Release|Any CPU
		{BED47535-BCFD-4518-B067-528BC8DF89A6}.Release|Any CPU.Build.0 = Release|Any CPU
		{7860A4BA-59CA-4250-97BB-9D6326CF1C58}.Debug|Any CPU.ActiveCfg = Debug|Any CPU
		{7860A4BA-59CA-4250-97BB-9D6326CF1C58}.Debug|Any CPU.Build.0 = Debug|Any CPU
		{7860A4BA-59CA-4250-97BB-9D6326CF1C58}.Release|Any CPU.ActiveCfg = Release|Any CPU
		{7860A4BA-59CA-4250-97BB-9D6326CF1C58}.Release|Any CPU.Build.0 = Release|Any CPU
		{246F1D71-DEF0-4D84-8812-09DC1BD6FA84}.Debug|Any CPU.ActiveCfg = Debug|Any CPU
		{246F1D71-DEF0-4D84-8812-09DC1BD6FA84}.Debug|Any CPU.Build.0 = Debug|Any CPU
		{246F1D71-DEF0-4D84-8812-09DC1BD6FA84}.Release|Any CPU.ActiveCfg = Release|Any CPU
		{246F1D71-DEF0-4D84-8812-09DC1BD6FA84}.Release|Any CPU.Build.0 = Release|Any CPU
		{2CB7140F-F6B5-41FC-8E7E-758567BA0B92}.Debug|Any CPU.ActiveCfg = Debug|Any CPU
		{2CB7140F-F6B5-41FC-8E7E-758567BA0B92}.Debug|Any CPU.Build.0 = Debug|Any CPU
		{2CB7140F-F6B5-41FC-8E7E-758567BA0B92}.Release|Any CPU.ActiveCfg = Release|Any CPU
		{2CB7140F-F6B5-41FC-8E7E-758567BA0B92}.Release|Any CPU.Build.0 = Release|Any CPU
	EndGlobalSection
	GlobalSection(SolutionProperties) = preSolution
		HideSolutionNode = FALSE
	EndGlobalSection
	GlobalSection(ExtensibilityGlobals) = postSolution
		SolutionGuid = {3F40B6CB-886A-4C7D-88BC-BD49A935E218}
	EndGlobalSection
EndGlobal
